// !$*UTF8*$!
{
	archiveVersion = 1;
	classes = {
	};
	objectVersion = 51;
	objects = {

/* Begin PBXBuildFile section */
		1F3A8C752554EBCC009F4F55 /* AppDelegate.m in Sources */ = {isa = PBXBuildFile; fileRef = 1F3A8C742554EBCC009F4F55 /* AppDelegate.m */; };
		1F3A8C7B2554EBCC009F4F55 /* ViewController.m in Sources */ = {isa = PBXBuildFile; fileRef = 1F3A8C7A2554EBCC009F4F55 /* ViewController.m */; };
		1F3A8C7E2554EBCC009F4F55 /* Main.storyboard in Resources */ = {isa = PBXBuildFile; fileRef = 1F3A8C7C2554EBCC009F4F55 /* Main.storyboard */; };
		1F3A8C802554EBD1009F4F55 /* Assets.xcassets in Resources */ = {isa = PBXBuildFile; fileRef = 1F3A8C7F2554EBD1009F4F55 /* Assets.xcassets */; };
		1F3A8C832554EBD1009F4F55 /* LaunchScreen.storyboard in Resources */ = {isa = PBXBuildFile; fileRef = 1F3A8C812554EBD1009F4F55 /* LaunchScreen.storyboard */; };
		1F3A8C862554EBD1009F4F55 /* main.m in Sources */ = {isa = PBXBuildFile; fileRef = 1F3A8C852554EBD1009F4F55 /* main.m */; };
		1F3A8C902554EBD1009F4F55 /* QMUIKitDemoTests.m in Sources */ = {isa = PBXBuildFile; fileRef = 1F3A8C8F2554EBD1009F4F55 /* QMUIKitDemoTests.m */; };
		1F3A8C9B2554EBD1009F4F55 /* QMUIKitDemoUITests.m in Sources */ = {isa = PBXBuildFile; fileRef = 1F3A8C9A2554EBD1009F4F55 /* QMUIKitDemoUITests.m */; };
		1F3A8CB52554EC89009F4F55 /* ViewController.xib in Resources */ = {isa = PBXBuildFile; fileRef = 1F3A8CB42554EC89009F4F55 /* ViewController.xib */; };
		1F3A8CC32554F0D9009F4F55 /* QMUIConfigurationTemplate.m in Sources */ = {isa = PBXBuildFile; fileRef = 1F3A8CC22554F0D9009F4F55 /* QMUIConfigurationTemplate.m */; };
		1F3A8CC92554FC88009F4F55 /* QMUIConfigurationTemplateTwo.m in Sources */ = {isa = PBXBuildFile; fileRef = 1F3A8CC72554FC88009F4F55 /* QMUIConfigurationTemplateTwo.m */; };
		1F3A8CD425553D3A009F4F55 /* nnnnViewController.m in Sources */ = {isa = PBXBuildFile; fileRef = 1F3A8CD225553D3A009F4F55 /* nnnnViewController.m */; };
		1F3A8CD525553D3A009F4F55 /* nnnnViewController.xib in Resources */ = {isa = PBXBuildFile; fileRef = 1F3A8CD325553D3A009F4F55 /* nnnnViewController.xib */; };
		1F3A8CDD25555918009F4F55 /* tryAlertViewController.m in Sources */ = {isa = PBXBuildFile; fileRef = 1F3A8CDB25555918009F4F55 /* tryAlertViewController.m */; };
		1F3A8CDE25555918009F4F55 /* tryAlertViewController.xib in Resources */ = {isa = PBXBuildFile; fileRef = 1F3A8CDC25555918009F4F55 /* tryAlertViewController.xib */; };
		1F475C2D25592EF9005C54A4 /* buttonViewController.m in Sources */ = {isa = PBXBuildFile; fileRef = 1F475C2B25592EF9005C54A4 /* buttonViewController.m */; };
		1F475C2E25592EF9005C54A4 /* buttonViewController.xib in Resources */ = {isa = PBXBuildFile; fileRef = 1F475C2C25592EF9005C54A4 /* buttonViewController.xib */; };
		1F4905BC256F82E100E6AA22 /* tabBarViewController.m in Sources */ = {isa = PBXBuildFile; fileRef = 1F4905BA256F82E100E6AA22 /* tabBarViewController.m */; };
		1F4905BD256F82E100E6AA22 /* tabBarViewController.xib in Resources */ = {isa = PBXBuildFile; fileRef = 1F4905BB256F82E100E6AA22 /* tabBarViewController.xib */; };
		1F4905C4256F82FB00E6AA22 /* oneViewController.m in Sources */ = {isa = PBXBuildFile; fileRef = 1F4905C2256F82FB00E6AA22 /* oneViewController.m */; };
		1F4905C5256F82FB00E6AA22 /* oneViewController.xib in Resources */ = {isa = PBXBuildFile; fileRef = 1F4905C3256F82FB00E6AA22 /* oneViewController.xib */; };
		1F4905CC256F830800E6AA22 /* twoViewController.m in Sources */ = {isa = PBXBuildFile; fileRef = 1F4905CA256F830800E6AA22 /* twoViewController.m */; };
		1F4905CD256F830800E6AA22 /* twoViewController.xib in Resources */ = {isa = PBXBuildFile; fileRef = 1F4905CB256F830800E6AA22 /* twoViewController.xib */; };
		1F4905D4256F831200E6AA22 /* threeViewController.m in Sources */ = {isa = PBXBuildFile; fileRef = 1F4905D2256F831200E6AA22 /* threeViewController.m */; };
		1F4905D5256F831200E6AA22 /* threeViewController.xib in Resources */ = {isa = PBXBuildFile; fileRef = 1F4905D3256F831200E6AA22 /* threeViewController.xib */; };
		1F4905E8256F961400E6AA22 /* navigationControllerViewController.m in Sources */ = {isa = PBXBuildFile; fileRef = 1F4905E6256F961400E6AA22 /* navigationControllerViewController.m */; };
		1F4905E9256F961400E6AA22 /* navigationControllerViewController.xib in Resources */ = {isa = PBXBuildFile; fileRef = 1F4905E7256F961400E6AA22 /* navigationControllerViewController.xib */; };
		1F4905F3256F977200E6AA22 /* twonavigationControllerViewController.m in Sources */ = {isa = PBXBuildFile; fileRef = 1F4905F1256F977200E6AA22 /* twonavigationControllerViewController.m */; };
		1F4905F4256F977200E6AA22 /* twonavigationControllerViewController.xib in Resources */ = {isa = PBXBuildFile; fileRef = 1F4905F2256F977200E6AA22 /* twonavigationControllerViewController.xib */; };
		1F63FE83255BDDB700264E30 /* SearchBarViewController.m in Sources */ = {isa = PBXBuildFile; fileRef = 1F63FE81255BDDB700264E30 /* SearchBarViewController.m */; };
		1F63FE84255BDDB700264E30 /* SearchBarViewController.xib in Resources */ = {isa = PBXBuildFile; fileRef = 1F63FE82255BDDB700264E30 /* SearchBarViewController.xib */; };
		1F63FEAA255CCB0800264E30 /* SearchController.m in Sources */ = {isa = PBXBuildFile; fileRef = 1F63FEA8255CCB0800264E30 /* SearchController.m */; };
		1F63FEAB255CCB0800264E30 /* SearchController.xib in Resources */ = {isa = PBXBuildFile; fileRef = 1F63FEA9255CCB0800264E30 /* SearchController.xib */; };
		6A58CC2C6DEA12752D08854E /* libPods-QMUIKitDemo.a in Frameworks */ = {isa = PBXBuildFile; fileRef = C7D5068CDD6874EF44DBC798 /* libPods-QMUIKitDemo.a */; };
/* End PBXBuildFile section */

/* Begin PBXContainerItemProxy section */
		1F3A8C8C2554EBD1009F4F55 /* PBXContainerItemProxy */ = {
			isa = PBXContainerItemProxy;
			containerPortal = 1F3A8C682554EBCC009F4F55 /* Project object */;
			proxyType = 1;
			remoteGlobalIDString = 1F3A8C6F2554EBCC009F4F55;
			remoteInfo = QMUIKitDemo;
		};
		1F3A8C972554EBD1009F4F55 /* PBXContainerItemProxy */ = {
			isa = PBXContainerItemProxy;
			containerPortal = 1F3A8C682554EBCC009F4F55 /* Project object */;
			proxyType = 1;
			remoteGlobalIDString = 1F3A8C6F2554EBCC009F4F55;
			remoteInfo = QMUIKitDemo;
		};
/* End PBXContainerItemProxy section */

/* Begin PBXFileReference section */
		1F3A8C702554EBCC009F4F55 /* QMUIKitDemo.app */ = {isa = PBXFileReference; explicitFileType = wrapper.application; includeInIndex = 0; path = QMUIKitDemo.app; sourceTree = BUILT_PRODUCTS_DIR; };
		1F3A8C732554EBCC009F4F55 /* AppDelegate.h */ = {isa = PBXFileReference; lastKnownFileType = sourcecode.c.h; path = AppDelegate.h; sourceTree = "<group>"; };
		1F3A8C742554EBCC009F4F55 /* AppDelegate.m */ = {isa = PBXFileReference; lastKnownFileType = sourcecode.c.objc; path = AppDelegate.m; sourceTree = "<group>"; };
		1F3A8C792554EBCC009F4F55 /* ViewController.h */ = {isa = PBXFileReference; lastKnownFileType = sourcecode.c.h; path = ViewController.h; sourceTree = "<group>"; };
		1F3A8C7A2554EBCC009F4F55 /* ViewController.m */ = {isa = PBXFileReference; lastKnownFileType = sourcecode.c.objc; path = ViewController.m; sourceTree = "<group>"; };
		1F3A8C7D2554EBCC009F4F55 /* Base */ = {isa = PBXFileReference; lastKnownFileType = file.storyboard; name = Base; path = Base.lproj/Main.storyboard; sourceTree = "<group>"; };
		1F3A8C7F2554EBD1009F4F55 /* Assets.xcassets */ = {isa = PBXFileReference; lastKnownFileType = folder.assetcatalog; path = Assets.xcassets; sourceTree = "<group>"; };
		1F3A8C822554EBD1009F4F55 /* Base */ = {isa = PBXFileReference; lastKnownFileType = file.storyboard; name = Base; path = Base.lproj/LaunchScreen.storyboard; sourceTree = "<group>"; };
		1F3A8C842554EBD1009F4F55 /* Info.plist */ = {isa = PBXFileReference; lastKnownFileType = text.plist.xml; path = Info.plist; sourceTree = "<group>"; };
		1F3A8C852554EBD1009F4F55 /* main.m */ = {isa = PBXFileReference; lastKnownFileType = sourcecode.c.objc; path = main.m; sourceTree = "<group>"; };
		1F3A8C8B2554EBD1009F4F55 /* QMUIKitDemoTests.xctest */ = {isa = PBXFileReference; explicitFileType = wrapper.cfbundle; includeInIndex = 0; path = QMUIKitDemoTests.xctest; sourceTree = BUILT_PRODUCTS_DIR; };
		1F3A8C8F2554EBD1009F4F55 /* QMUIKitDemoTests.m */ = {isa = PBXFileReference; lastKnownFileType = sourcecode.c.objc; path = QMUIKitDemoTests.m; sourceTree = "<group>"; };
		1F3A8C912554EBD1009F4F55 /* Info.plist */ = {isa = PBXFileReference; lastKnownFileType = text.plist.xml; path = Info.plist; sourceTree = "<group>"; };
		1F3A8C962554EBD1009F4F55 /* QMUIKitDemoUITests.xctest */ = {isa = PBXFileReference; explicitFileType = wrapper.cfbundle; includeInIndex = 0; path = QMUIKitDemoUITests.xctest; sourceTree = BUILT_PRODUCTS_DIR; };
		1F3A8C9A2554EBD1009F4F55 /* QMUIKitDemoUITests.m */ = {isa = PBXFileReference; lastKnownFileType = sourcecode.c.objc; path = QMUIKitDemoUITests.m; sourceTree = "<group>"; };
		1F3A8C9C2554EBD1009F4F55 /* Info.plist */ = {isa = PBXFileReference; lastKnownFileType = text.plist.xml; path = Info.plist; sourceTree = "<group>"; };
		1F3A8CB42554EC89009F4F55 /* ViewController.xib */ = {isa = PBXFileReference; fileEncoding = 4; lastKnownFileType = file.xib; path = ViewController.xib; sourceTree = "<group>"; };
		1F3A8CC12554F0D9009F4F55 /* QMUIConfigurationTemplate.h */ = {isa = PBXFileReference; fileEncoding = 4; lastKnownFileType = sourcecode.c.h; name = QMUIConfigurationTemplate.h; path = Pods/QMUIKit/QMUIConfigurationTemplate/QMUIConfigurationTemplate.h; sourceTree = SOURCE_ROOT; };
		1F3A8CC22554F0D9009F4F55 /* QMUIConfigurationTemplate.m */ = {isa = PBXFileReference; fileEncoding = 4; lastKnownFileType = sourcecode.c.objc; name = QMUIConfigurationTemplate.m; path = Pods/QMUIKit/QMUIConfigurationTemplate/QMUIConfigurationTemplate.m; sourceTree = SOURCE_ROOT; };
		1F3A8CC72554FC88009F4F55 /* QMUIConfigurationTemplateTwo.m */ = {isa = PBXFileReference; fileEncoding = 4; lastKnownFileType = sourcecode.c.objc; name = QMUIConfigurationTemplateTwo.m; path = Pods/QMUIKit/QMUIConfigurationTemplate/QMUIConfigurationTemplateTwo.m; sourceTree = SOURCE_ROOT; };
		1F3A8CC82554FC88009F4F55 /* QMUIConfigurationTemplateTwo.h */ = {isa = PBXFileReference; fileEncoding = 4; lastKnownFileType = sourcecode.c.h; name = QMUIConfigurationTemplateTwo.h; path = Pods/QMUIKit/QMUIConfigurationTemplate/QMUIConfigurationTemplateTwo.h; sourceTree = SOURCE_ROOT; };
		1F3A8CD125553D3A009F4F55 /* nnnnViewController.h */ = {isa = PBXFileReference; lastKnownFileType = sourcecode.c.h; path = nnnnViewController.h; sourceTree = "<group>"; };
		1F3A8CD225553D3A009F4F55 /* nnnnViewController.m */ = {isa = PBXFileReference; lastKnownFileType = sourcecode.c.objc; path = nnnnViewController.m; sourceTree = "<group>"; };
		1F3A8CD325553D3A009F4F55 /* nnnnViewController.xib */ = {isa = PBXFileReference; lastKnownFileType = file.xib; path = nnnnViewController.xib; sourceTree = "<group>"; };
		1F3A8CDA25555918009F4F55 /* tryAlertViewController.h */ = {isa = PBXFileReference; lastKnownFileType = sourcecode.c.h; path = tryAlertViewController.h; sourceTree = "<group>"; };
		1F3A8CDB25555918009F4F55 /* tryAlertViewController.m */ = {isa = PBXFileReference; lastKnownFileType = sourcecode.c.objc; path = tryAlertViewController.m; sourceTree = "<group>"; };
		1F3A8CDC25555918009F4F55 /* tryAlertViewController.xib */ = {isa = PBXFileReference; lastKnownFileType = file.xib; path = tryAlertViewController.xib; sourceTree = "<group>"; };
		1F475C2A25592EF9005C54A4 /* buttonViewController.h */ = {isa = PBXFileReference; lastKnownFileType = sourcecode.c.h; path = buttonViewController.h; sourceTree = "<group>"; };
		1F475C2B25592EF9005C54A4 /* buttonViewController.m */ = {isa = PBXFileReference; lastKnownFileType = sourcecode.c.objc; path = buttonViewController.m; sourceTree = "<group>"; };
		1F475C2C25592EF9005C54A4 /* buttonViewController.xib */ = {isa = PBXFileReference; lastKnownFileType = file.xib; path = buttonViewController.xib; sourceTree = "<group>"; };
		1F4905B9256F82E100E6AA22 /* tabBarViewController.h */ = {isa = PBXFileReference; lastKnownFileType = sourcecode.c.h; path = tabBarViewController.h; sourceTree = "<group>"; };
		1F4905BA256F82E100E6AA22 /* tabBarViewController.m */ = {isa = PBXFileReference; lastKnownFileType = sourcecode.c.objc; path = tabBarViewController.m; sourceTree = "<group>"; };
		1F4905BB256F82E100E6AA22 /* tabBarViewController.xib */ = {isa = PBXFileReference; lastKnownFileType = file.xib; path = tabBarViewController.xib; sourceTree = "<group>"; };
		1F4905C1256F82FB00E6AA22 /* oneViewController.h */ = {isa = PBXFileReference; lastKnownFileType = sourcecode.c.h; path = oneViewController.h; sourceTree = "<group>"; };
		1F4905C2256F82FB00E6AA22 /* oneViewController.m */ = {isa = PBXFileReference; lastKnownFileType = sourcecode.c.objc; path = oneViewController.m; sourceTree = "<group>"; };
		1F4905C3256F82FB00E6AA22 /* oneViewController.xib */ = {isa = PBXFileReference; lastKnownFileType = file.xib; path = oneViewController.xib; sourceTree = "<group>"; };
		1F4905C9256F830800E6AA22 /* twoViewController.h */ = {isa = PBXFileReference; lastKnownFileType = sourcecode.c.h; path = twoViewController.h; sourceTree = "<group>"; };
		1F4905CA256F830800E6AA22 /* twoViewController.m */ = {isa = PBXFileReference; lastKnownFileType = sourcecode.c.objc; path = twoViewController.m; sourceTree = "<group>"; };
		1F4905CB256F830800E6AA22 /* twoViewController.xib */ = {isa = PBXFileReference; lastKnownFileType = file.xib; path = twoViewController.xib; sourceTree = "<group>"; };
		1F4905D1256F831200E6AA22 /* threeViewController.h */ = {isa = PBXFileReference; lastKnownFileType = sourcecode.c.h; path = threeViewController.h; sourceTree = "<group>"; };
		1F4905D2256F831200E6AA22 /* threeViewController.m */ = {isa = PBXFileReference; lastKnownFileType = sourcecode.c.objc; path = threeViewController.m; sourceTree = "<group>"; };
		1F4905D3256F831200E6AA22 /* threeViewController.xib */ = {isa = PBXFileReference; lastKnownFileType = file.xib; path = threeViewController.xib; sourceTree = "<group>"; };
		1F4905E5256F961400E6AA22 /* navigationControllerViewController.h */ = {isa = PBXFileReference; lastKnownFileType = sourcecode.c.h; path = navigationControllerViewController.h; sourceTree = "<group>"; };
		1F4905E6256F961400E6AA22 /* navigationControllerViewController.m */ = {isa = PBXFileReference; lastKnownFileType = sourcecode.c.objc; path = navigationControllerViewController.m; sourceTree = "<group>"; };
		1F4905E7256F961400E6AA22 /* navigationControllerViewController.xib */ = {isa = PBXFileReference; lastKnownFileType = file.xib; path = navigationControllerViewController.xib; sourceTree = "<group>"; };
		1F4905F0256F977200E6AA22 /* twonavigationControllerViewController.h */ = {isa = PBXFileReference; lastKnownFileType = sourcecode.c.h; path = twonavigationControllerViewController.h; sourceTree = "<group>"; };
		1F4905F1256F977200E6AA22 /* twonavigationControllerViewController.m */ = {isa = PBXFileReference; lastKnownFileType = sourcecode.c.objc; path = twonavigationControllerViewController.m; sourceTree = "<group>"; };
		1F4905F2256F977200E6AA22 /* twonavigationControllerViewController.xib */ = {isa = PBXFileReference; lastKnownFileType = file.xib; path = twonavigationControllerViewController.xib; sourceTree = "<group>"; };
		1F63FE80255BDDB700264E30 /* SearchBarViewController.h */ = {isa = PBXFileReference; lastKnownFileType = sourcecode.c.h; path = SearchBarViewController.h; sourceTree = "<group>"; };
		1F63FE81255BDDB700264E30 /* SearchBarViewController.m */ = {isa = PBXFileReference; lastKnownFileType = sourcecode.c.objc; path = SearchBarViewController.m; sourceTree = "<group>"; };
		1F63FE82255BDDB700264E30 /* SearchBarViewController.xib */ = {isa = PBXFileReference; lastKnownFileType = file.xib; path = SearchBarViewController.xib; sourceTree = "<group>"; };
		1F63FEA7255CCB0800264E30 /* SearchController.h */ = {isa = PBXFileReference; lastKnownFileType = sourcecode.c.h; path = SearchController.h; sourceTree = "<group>"; };
		1F63FEA8255CCB0800264E30 /* SearchController.m */ = {isa = PBXFileReference; lastKnownFileType = sourcecode.c.objc; path = SearchController.m; sourceTree = "<group>"; };
		1F63FEA9255CCB0800264E30 /* SearchController.xib */ = {isa = PBXFileReference; lastKnownFileType = file.xib; path = SearchController.xib; sourceTree = "<group>"; };
		382EFC02A816E68AAE7ADB4A /* Pods-QMUIKitDemo.release.xcconfig */ = {isa = PBXFileReference; includeInIndex = 1; lastKnownFileType = text.xcconfig; name = "Pods-QMUIKitDemo.release.xcconfig"; path = "Target Support Files/Pods-QMUIKitDemo/Pods-QMUIKitDemo.release.xcconfig"; sourceTree = "<group>"; };
		C7D5068CDD6874EF44DBC798 /* libPods-QMUIKitDemo.a */ = {isa = PBXFileReference; explicitFileType = archive.ar; includeInIndex = 0; path = "libPods-QMUIKitDemo.a"; sourceTree = BUILT_PRODUCTS_DIR; };
		EB70AEEDDB402685411A81E6 /* Pods-QMUIKitDemo.debug.xcconfig */ = {isa = PBXFileReference; includeInIndex = 1; lastKnownFileType = text.xcconfig; name = "Pods-QMUIKitDemo.debug.xcconfig"; path = "Target Support Files/Pods-QMUIKitDemo/Pods-QMUIKitDemo.debug.xcconfig"; sourceTree = "<group>"; };
/* End PBXFileReference section */

/* Begin PBXFrameworksBuildPhase section */
		1F3A8C6D2554EBCC009F4F55 /* Frameworks */ = {
			isa = PBXFrameworksBuildPhase;
			buildActionMask = 2147483647;
			files = (
				6A58CC2C6DEA12752D08854E /* libPods-QMUIKitDemo.a in Frameworks */,
			);
			runOnlyForDeploymentPostprocessing = 0;
		};
		1F3A8C882554EBD1009F4F55 /* Frameworks */ = {
			isa = PBXFrameworksBuildPhase;
			buildActionMask = 2147483647;
			files = (
			);
			runOnlyForDeploymentPostprocessing = 0;
		};
		1F3A8C932554EBD1009F4F55 /* Frameworks */ = {
			isa = PBXFrameworksBuildPhase;
			buildActionMask = 2147483647;
			files = (
			);
			runOnlyForDeploymentPostprocessing = 0;
		};
/* End PBXFrameworksBuildPhase section */

/* Begin PBXGroup section */
		1F3A8C672554EBCC009F4F55 = {
			isa = PBXGroup;
			children = (
				1F3A8C722554EBCC009F4F55 /* QMUIKitDemo */,
				1F3A8C8E2554EBD1009F4F55 /* QMUIKitDemoTests */,
				1F3A8C992554EBD1009F4F55 /* QMUIKitDemoUITests */,
				1F3A8C712554EBCC009F4F55 /* Products */,
				8FFC8E86C21451FAC4867E00 /* Pods */,
				66809C1F6F91A6299B7E1F3D /* Frameworks */,
			);
			sourceTree = "<group>";
		};
		1F3A8C712554EBCC009F4F55 /* Products */ = {
			isa = PBXGroup;
			children = (
				1F3A8C702554EBCC009F4F55 /* QMUIKitDemo.app */,
				1F3A8C8B2554EBD1009F4F55 /* QMUIKitDemoTests.xctest */,
				1F3A8C962554EBD1009F4F55 /* QMUIKitDemoUITests.xctest */,
			);
			name = Products;
			sourceTree = "<group>";
		};
		1F3A8C722554EBCC009F4F55 /* QMUIKitDemo */ = {
			isa = PBXGroup;
			children = (
				1F4905E4256F95EF00E6AA22 /* navigationController */,
				1F4905B8256F824F00E6AA22 /* TabBar */,
				1F63FEA6255CCAF700264E30 /* 搜索 */,
				1F63FE7F255BDD6E00264E30 /* 搜索栏 */,
				1F475C2925592EDC005C54A4 /* 按钮 */,
				1F3A8CE52555598E009F4F55 /* 弹窗 */,
				1F3A8CD9255558CE009F4F55 /* 相册 */,
				1F3A8CC02554F0C8009F4F55 /* QMUIConfigurationTemplate */,
				1F3A8C732554EBCC009F4F55 /* AppDelegate.h */,
				1F3A8C742554EBCC009F4F55 /* AppDelegate.m */,
				1F3A8C7C2554EBCC009F4F55 /* Main.storyboard */,
				1F3A8C7F2554EBD1009F4F55 /* Assets.xcassets */,
				1F3A8C812554EBD1009F4F55 /* LaunchScreen.storyboard */,
				1F3A8C842554EBD1009F4F55 /* Info.plist */,
				1F3A8C852554EBD1009F4F55 /* main.m */,
			);
			path = QMUIKitDemo;
			sourceTree = "<group>";
		};
		1F3A8C8E2554EBD1009F4F55 /* QMUIKitDemoTests */ = {
			isa = PBXGroup;
			children = (
				1F3A8C8F2554EBD1009F4F55 /* QMUIKitDemoTests.m */,
				1F3A8C912554EBD1009F4F55 /* Info.plist */,
			);
			path = QMUIKitDemoTests;
			sourceTree = "<group>";
		};
		1F3A8C992554EBD1009F4F55 /* QMUIKitDemoUITests */ = {
			isa = PBXGroup;
			children = (
				1F3A8C9A2554EBD1009F4F55 /* QMUIKitDemoUITests.m */,
				1F3A8C9C2554EBD1009F4F55 /* Info.plist */,
			);
			path = QMUIKitDemoUITests;
			sourceTree = "<group>";
		};
		1F3A8CC02554F0C8009F4F55 /* QMUIConfigurationTemplate */ = {
			isa = PBXGroup;
			children = (
				1F3A8CC82554FC88009F4F55 /* QMUIConfigurationTemplateTwo.h */,
				1F3A8CC72554FC88009F4F55 /* QMUIConfigurationTemplateTwo.m */,
				1F3A8CC12554F0D9009F4F55 /* QMUIConfigurationTemplate.h */,
				1F3A8CC22554F0D9009F4F55 /* QMUIConfigurationTemplate.m */,
			);
			name = QMUIConfigurationTemplate;
			sourceTree = "<group>";
		};
		1F3A8CD9255558CE009F4F55 /* 相册 */ = {
			isa = PBXGroup;
			children = (
				1F3A8CD125553D3A009F4F55 /* nnnnViewController.h */,
				1F3A8CD225553D3A009F4F55 /* nnnnViewController.m */,
				1F3A8CD325553D3A009F4F55 /* nnnnViewController.xib */,
				1F3A8C792554EBCC009F4F55 /* ViewController.h */,
				1F3A8C7A2554EBCC009F4F55 /* ViewController.m */,
				1F3A8CB42554EC89009F4F55 /* ViewController.xib */,
			);
			name = "相册";
			sourceTree = "<group>";
		};
		1F3A8CE52555598E009F4F55 /* 弹窗 */ = {
			isa = PBXGroup;
			children = (
				1F3A8CDA25555918009F4F55 /* tryAlertViewController.h */,
				1F3A8CDB25555918009F4F55 /* tryAlertViewController.m */,
				1F3A8CDC25555918009F4F55 /* tryAlertViewController.xib */,
			);
			name = "弹窗";
			sourceTree = "<group>";
		};
		1F475C2925592EDC005C54A4 /* 按钮 */ = {
			isa = PBXGroup;
			children = (
				1F475C2A25592EF9005C54A4 /* buttonViewController.h */,
				1F475C2B25592EF9005C54A4 /* buttonViewController.m */,
				1F475C2C25592EF9005C54A4 /* buttonViewController.xib */,
			);
			name = "按钮";
			sourceTree = "<group>";
		};
		1F4905B8256F824F00E6AA22 /* TabBar */ = {
			isa = PBXGroup;
			children = (
				1F4905B9256F82E100E6AA22 /* tabBarViewController.h */,
				1F4905BA256F82E100E6AA22 /* tabBarViewController.m */,
				1F4905BB256F82E100E6AA22 /* tabBarViewController.xib */,
				1F4905C1256F82FB00E6AA22 /* oneViewController.h */,
				1F4905C2256F82FB00E6AA22 /* oneViewController.m */,
				1F4905C3256F82FB00E6AA22 /* oneViewController.xib */,
				1F4905C9256F830800E6AA22 /* twoViewController.h */,
				1F4905CA256F830800E6AA22 /* twoViewController.m */,
				1F4905CB256F830800E6AA22 /* twoViewController.xib */,
				1F4905D1256F831200E6AA22 /* threeViewController.h */,
				1F4905D2256F831200E6AA22 /* threeViewController.m */,
				1F4905D3256F831200E6AA22 /* threeViewController.xib */,
			);
			name = TabBar;
			sourceTree = "<group>";
		};
		1F4905E4256F95EF00E6AA22 /* navigationController */ = {
			isa = PBXGroup;
			children = (
				1F4905E5256F961400E6AA22 /* navigationControllerViewController.h */,
				1F4905E6256F961400E6AA22 /* navigationControllerViewController.m */,
				1F4905E7256F961400E6AA22 /* navigationControllerViewController.xib */,
				1F4905F0256F977200E6AA22 /* twonavigationControllerViewController.h */,
				1F4905F1256F977200E6AA22 /* twonavigationControllerViewController.m */,
				1F4905F2256F977200E6AA22 /* twonavigationControllerViewController.xib */,
			);
			name = navigationController;
			sourceTree = "<group>";
		};
		1F63FE7F255BDD6E00264E30 /* 搜索栏 */ = {
			isa = PBXGroup;
			children = (
				1F63FE80255BDDB700264E30 /* SearchBarViewController.h */,
				1F63FE81255BDDB700264E30 /* SearchBarViewController.m */,
				1F63FE82255BDDB700264E30 /* SearchBarViewController.xib */,
			);
			name = "搜索栏";
			sourceTree = "<group>";
		};
		1F63FEA6255CCAF700264E30 /* 搜索 */ = {
			isa = PBXGroup;
			children = (
				1F63FEA7255CCB0800264E30 /* SearchController.h */,
				1F63FEA8255CCB0800264E30 /* SearchController.m */,
				1F63FEA9255CCB0800264E30 /* SearchController.xib */,
			);
			name = "搜索";
			sourceTree = "<group>";
		};
		66809C1F6F91A6299B7E1F3D /* Frameworks */ = {
			isa = PBXGroup;
			children = (
				C7D5068CDD6874EF44DBC798 /* libPods-QMUIKitDemo.a */,
			);
			name = Frameworks;
			sourceTree = "<group>";
		};
		8FFC8E86C21451FAC4867E00 /* Pods */ = {
			isa = PBXGroup;
			children = (
				EB70AEEDDB402685411A81E6 /* Pods-QMUIKitDemo.debug.xcconfig */,
				382EFC02A816E68AAE7ADB4A /* Pods-QMUIKitDemo.release.xcconfig */,
			);
			path = Pods;
			sourceTree = "<group>";
		};
/* End PBXGroup section */

/* Begin PBXNativeTarget section */
		1F3A8C6F2554EBCC009F4F55 /* QMUIKitDemo */ = {
			isa = PBXNativeTarget;
			buildConfigurationList = 1F3A8C9F2554EBD1009F4F55 /* Build configuration list for PBXNativeTarget "QMUIKitDemo" */;
			buildPhases = (
				210889372CCCEF92DBB2D883 /* [CP] Check Pods Manifest.lock */,
				1F3A8C6C2554EBCC009F4F55 /* Sources */,
				1F3A8C6D2554EBCC009F4F55 /* Frameworks */,
				1F3A8C6E2554EBCC009F4F55 /* Resources */,
				931279A3243B994EFFFE0A33 /* [CP] Copy Pods Resources */,
			);
			buildRules = (
			);
			dependencies = (
			);
			name = QMUIKitDemo;
			productName = QMUIKitDemo;
			productReference = 1F3A8C702554EBCC009F4F55 /* QMUIKitDemo.app */;
			productType = "com.apple.product-type.application";
		};
		1F3A8C8A2554EBD1009F4F55 /* QMUIKitDemoTests */ = {
			isa = PBXNativeTarget;
			buildConfigurationList = 1F3A8CA22554EBD1009F4F55 /* Build configuration list for PBXNativeTarget "QMUIKitDemoTests" */;
			buildPhases = (
				1F3A8C872554EBD1009F4F55 /* Sources */,
				1F3A8C882554EBD1009F4F55 /* Frameworks */,
				1F3A8C892554EBD1009F4F55 /* Resources */,
			);
			buildRules = (
			);
			dependencies = (
				1F3A8C8D2554EBD1009F4F55 /* PBXTargetDependency */,
			);
			name = QMUIKitDemoTests;
			productName = QMUIKitDemoTests;
			productReference = 1F3A8C8B2554EBD1009F4F55 /* QMUIKitDemoTests.xctest */;
			productType = "com.apple.product-type.bundle.unit-test";
		};
		1F3A8C952554EBD1009F4F55 /* QMUIKitDemoUITests */ = {
			isa = PBXNativeTarget;
			buildConfigurationList = 1F3A8CA52554EBD1009F4F55 /* Build configuration list for PBXNativeTarget "QMUIKitDemoUITests" */;
			buildPhases = (
				1F3A8C922554EBD1009F4F55 /* Sources */,
				1F3A8C932554EBD1009F4F55 /* Frameworks */,
				1F3A8C942554EBD1009F4F55 /* Resources */,
			);
			buildRules = (
			);
			dependencies = (
				1F3A8C982554EBD1009F4F55 /* PBXTargetDependency */,
			);
			name = QMUIKitDemoUITests;
			productName = QMUIKitDemoUITests;
			productReference = 1F3A8C962554EBD1009F4F55 /* QMUIKitDemoUITests.xctest */;
			productType = "com.apple.product-type.bundle.ui-testing";
		};
/* End PBXNativeTarget section */

/* Begin PBXProject section */
		1F3A8C682554EBCC009F4F55 /* Project object */ = {
			isa = PBXProject;
			attributes = {
				LastUpgradeCheck = 1210;
				TargetAttributes = {
					1F3A8C6F2554EBCC009F4F55 = {
						CreatedOnToolsVersion = 12.1;
					};
					1F3A8C8A2554EBD1009F4F55 = {
						CreatedOnToolsVersion = 12.1;
						TestTargetID = 1F3A8C6F2554EBCC009F4F55;
					};
					1F3A8C952554EBD1009F4F55 = {
						CreatedOnToolsVersion = 12.1;
						TestTargetID = 1F3A8C6F2554EBCC009F4F55;
					};
				};
			};
			buildConfigurationList = 1F3A8C6B2554EBCC009F4F55 /* Build configuration list for PBXProject "QMUIKitDemo" */;
			compatibilityVersion = "Xcode 9.3";
			developmentRegion = en;
			hasScannedForEncodings = 0;
			knownRegions = (
				en,
				Base,
			);
			mainGroup = 1F3A8C672554EBCC009F4F55;
			productRefGroup = 1F3A8C712554EBCC009F4F55 /* Products */;
			projectDirPath = "";
			projectRoot = "";
			targets = (
				1F3A8C6F2554EBCC009F4F55 /* QMUIKitDemo */,
				1F3A8C8A2554EBD1009F4F55 /* QMUIKitDemoTests */,
				1F3A8C952554EBD1009F4F55 /* QMUIKitDemoUITests */,
			);
		};
/* End PBXProject section */

/* Begin PBXResourcesBuildPhase section */
		1F3A8C6E2554EBCC009F4F55 /* Resources */ = {
			isa = PBXResourcesBuildPhase;
			buildActionMask = 2147483647;
			files = (
				1F3A8C832554EBD1009F4F55 /* LaunchScreen.storyboard in Resources */,
				1F3A8C802554EBD1009F4F55 /* Assets.xcassets in Resources */,
				1F4905BD256F82E100E6AA22 /* tabBarViewController.xib in Resources */,
				1F4905C5256F82FB00E6AA22 /* oneViewController.xib in Resources */,
				1F3A8CB52554EC89009F4F55 /* ViewController.xib in Resources */,
				1F475C2E25592EF9005C54A4 /* buttonViewController.xib in Resources */,
				1F3A8CDE25555918009F4F55 /* tryAlertViewController.xib in Resources */,
				1F3A8C7E2554EBCC009F4F55 /* Main.storyboard in Resources */,
				1F4905E9256F961400E6AA22 /* navigationControllerViewController.xib in Resources */,
				1F4905D5256F831200E6AA22 /* threeViewController.xib in Resources */,
				1F63FE84255BDDB700264E30 /* SearchBarViewController.xib in Resources */,
				1F63FEAB255CCB0800264E30 /* SearchController.xib in Resources */,
				1F3A8CD525553D3A009F4F55 /* nnnnViewController.xib in Resources */,
				1F4905F4256F977200E6AA22 /* twonavigationControllerViewController.xib in Resources */,
				1F4905CD256F830800E6AA22 /* twoViewController.xib in Resources */,
			);
			runOnlyForDeploymentPostprocessing = 0;
		};
		1F3A8C892554EBD1009F4F55 /* Resources */ = {
			isa = PBXResourcesBuildPhase;
			buildActionMask = 2147483647;
			files = (
			);
			runOnlyForDeploymentPostprocessing = 0;
		};
		1F3A8C942554EBD1009F4F55 /* Resources */ = {
			isa = PBXResourcesBuildPhase;
			buildActionMask = 2147483647;
			files = (
			);
			runOnlyForDeploymentPostprocessing = 0;
		};
/* End PBXResourcesBuildPhase section */

/* Begin PBXShellScriptBuildPhase section */
		210889372CCCEF92DBB2D883 /* [CP] Check Pods Manifest.lock */ = {
			isa = PBXShellScriptBuildPhase;
			buildActionMask = 2147483647;
			files = (
			);
			inputFileListPaths = (
			);
			inputPaths = (
				"${PODS_PODFILE_DIR_PATH}/Podfile.lock",
				"${PODS_ROOT}/Manifest.lock",
			);
			name = "[CP] Check Pods Manifest.lock";
			outputFileListPaths = (
			);
			outputPaths = (
				"$(DERIVED_FILE_DIR)/Pods-QMUIKitDemo-checkManifestLockResult.txt",
			);
			runOnlyForDeploymentPostprocessing = 0;
			shellPath = /bin/sh;
			shellScript = "diff \"${PODS_PODFILE_DIR_PATH}/Podfile.lock\" \"${PODS_ROOT}/Manifest.lock\" > /dev/null\nif [ $? != 0 ] ; then\n    # print error to STDERR\n    echo \"error: The sandbox is not in sync with the Podfile.lock. Run 'pod install' or update your CocoaPods installation.\" >&2\n    exit 1\nfi\n# This output is used by Xcode 'outputs' to avoid re-running this script phase.\necho \"SUCCESS\" > \"${SCRIPT_OUTPUT_FILE_0}\"\n";
			showEnvVarsInLog = 0;
		};
		931279A3243B994EFFFE0A33 /* [CP] Copy Pods Resources */ = {
			isa = PBXShellScriptBuildPhase;
			buildActionMask = 2147483647;
			files = (
			);
			inputFileListPaths = (
				"${PODS_ROOT}/Target Support Files/Pods-QMUIKitDemo/Pods-QMUIKitDemo-resources-${CONFIGURATION}-input-files.xcfilelist",
			);
			name = "[CP] Copy Pods Resources";
			outputFileListPaths = (
				"${PODS_ROOT}/Target Support Files/Pods-QMUIKitDemo/Pods-QMUIKitDemo-resources-${CONFIGURATION}-output-files.xcfilelist",
			);
			runOnlyForDeploymentPostprocessing = 0;
			shellPath = /bin/sh;
			shellScript = "\"${PODS_ROOT}/Target Support Files/Pods-QMUIKitDemo/Pods-QMUIKitDemo-resources.sh\"\n";
			showEnvVarsInLog = 0;
		};
/* End PBXShellScriptBuildPhase section */

/* Begin PBXSourcesBuildPhase section */
		1F3A8C6C2554EBCC009F4F55 /* Sources */ = {
			isa = PBXSourcesBuildPhase;
			buildActionMask = 2147483647;
			files = (
				1F4905CC256F830800E6AA22 /* twoViewController.m in Sources */,
				1F3A8C7B2554EBCC009F4F55 /* ViewController.m in Sources */,
				1F3A8CC92554FC88009F4F55 /* QMUIConfigurationTemplateTwo.m in Sources */,
				1F3A8CD425553D3A009F4F55 /* nnnnViewController.m in Sources */,
				1F3A8CDD25555918009F4F55 /* tryAlertViewController.m in Sources */,
				1F475C2D25592EF9005C54A4 /* buttonViewController.m in Sources */,
				1F3A8C752554EBCC009F4F55 /* AppDelegate.m in Sources */,
				1F3A8CC32554F0D9009F4F55 /* QMUIConfigurationTemplate.m in Sources */,
				1F63FE83255BDDB700264E30 /* SearchBarViewController.m in Sources */,
				1F4905D4256F831200E6AA22 /* threeViewController.m in Sources */,
				1F4905BC256F82E100E6AA22 /* tabBarViewController.m in Sources */,
				1F3A8C862554EBD1009F4F55 /* main.m in Sources */,
				1F63FEAA255CCB0800264E30 /* SearchController.m in Sources */,
				1F4905C4256F82FB00E6AA22 /* oneViewController.m in Sources */,
				1F4905E8256F961400E6AA22 /* navigationControllerViewController.m in Sources */,
				1F4905F3256F977200E6AA22 /* twonavigationControllerViewController.m in Sources */,
			);
			runOnlyForDeploymentPostprocessing = 0;
		};
		1F3A8C872554EBD1009F4F55 /* Sources */ = {
			isa = PBXSourcesBuildPhase;
			buildActionMask = 2147483647;
			files = (
				1F3A8C902554EBD1009F4F55 /* QMUIKitDemoTests.m in Sources */,
			);
			runOnlyForDeploymentPostprocessing = 0;
		};
		1F3A8C922554EBD1009F4F55 /* Sources */ = {
			isa = PBXSourcesBuildPhase;
			buildActionMask = 2147483647;
			files = (
				1F3A8C9B2554EBD1009F4F55 /* QMUIKitDemoUITests.m in Sources */,
			);
			runOnlyForDeploymentPostprocessing = 0;
		};
/* End PBXSourcesBuildPhase section */

/* Begin PBXTargetDependency section */
		1F3A8C8D2554EBD1009F4F55 /* PBXTargetDependency */ = {
			isa = PBXTargetDependency;
			target = 1F3A8C6F2554EBCC009F4F55 /* QMUIKitDemo */;
			targetProxy = 1F3A8C8C2554EBD1009F4F55 /* PBXContainerItemProxy */;
		};
		1F3A8C982554EBD1009F4F55 /* PBXTargetDependency */ = {
			isa = PBXTargetDependency;
			target = 1F3A8C6F2554EBCC009F4F55 /* QMUIKitDemo */;
			targetProxy = 1F3A8C972554EBD1009F4F55 /* PBXContainerItemProxy */;
		};
/* End PBXTargetDependency section */

/* Begin PBXVariantGroup section */
		1F3A8C7C2554EBCC009F4F55 /* Main.storyboard */ = {
			isa = PBXVariantGroup;
			children = (
				1F3A8C7D2554EBCC009F4F55 /* Base */,
			);
			name = Main.storyboard;
			sourceTree = "<group>";
		};
		1F3A8C812554EBD1009F4F55 /* LaunchScreen.storyboard */ = {
			isa = PBXVariantGroup;
			children = (
				1F3A8C822554EBD1009F4F55 /* Base */,
			);
			name = LaunchScreen.storyboard;
			sourceTree = "<group>";
		};
/* End PBXVariantGroup section */

/* Begin XCBuildConfiguration section */
		1F3A8C9D2554EBD1009F4F55 /* Debug */ = {
			isa = XCBuildConfiguration;
			buildSettings = {
				ALWAYS_SEARCH_USER_PATHS = NO;
				CLANG_ANALYZER_NONNULL = YES;
				CLANG_ANALYZER_NUMBER_OBJECT_CONVERSION = YES_AGGRESSIVE;
				CLANG_CXX_LANGUAGE_STANDARD = "gnu++14";
				CLANG_CXX_LIBRARY = "libc++";
				CLANG_ENABLE_MODULES = YES;
				CLANG_ENABLE_OBJC_ARC = YES;
				CLANG_ENABLE_OBJC_WEAK = YES;
				CLANG_WARN_BLOCK_CAPTURE_AUTORELEASING = YES;
				CLANG_WARN_BOOL_CONVERSION = YES;
				CLANG_WARN_COMMA = YES;
				CLANG_WARN_CONSTANT_CONVERSION = YES;
				CLANG_WARN_DEPRECATED_OBJC_IMPLEMENTATIONS = YES;
				CLANG_WARN_DIRECT_OBJC_ISA_USAGE = YES_ERROR;
				CLANG_WARN_DOCUMENTATION_COMMENTS = YES;
				CLANG_WARN_EMPTY_BODY = YES;
				CLANG_WARN_ENUM_CONVERSION = YES;
				CLANG_WARN_INFINITE_RECURSION = YES;
				CLANG_WARN_INT_CONVERSION = YES;
				CLANG_WARN_NON_LITERAL_NULL_CONVERSION = YES;
				CLANG_WARN_OBJC_IMPLICIT_RETAIN_SELF = YES;
				CLANG_WARN_OBJC_LITERAL_CONVERSION = YES;
				CLANG_WARN_OBJC_ROOT_CLASS = YES_ERROR;
				CLANG_WARN_QUOTED_INCLUDE_IN_FRAMEWORK_HEADER = YES;
				CLANG_WARN_RANGE_LOOP_ANALYSIS = YES;
				CLANG_WARN_STRICT_PROTOTYPES = YES;
				CLANG_WARN_SUSPICIOUS_MOVE = YES;
				CLANG_WARN_UNGUARDED_AVAILABILITY = YES_AGGRESSIVE;
				CLANG_WARN_UNREACHABLE_CODE = YES;
				CLANG_WARN__DUPLICATE_METHOD_MATCH = YES;
				COPY_PHASE_STRIP = NO;
				DEBUG_INFORMATION_FORMAT = dwarf;
				ENABLE_STRICT_OBJC_MSGSEND = YES;
				ENABLE_TESTABILITY = YES;
				GCC_C_LANGUAGE_STANDARD = gnu11;
				GCC_DYNAMIC_NO_PIC = NO;
				GCC_NO_COMMON_BLOCKS = YES;
				GCC_OPTIMIZATION_LEVEL = 0;
				GCC_PREPROCESSOR_DEFINITIONS = (
					"DEBUG=1",
					"$(inherited)",
				);
				GCC_WARN_64_TO_32_BIT_CONVERSION = YES;
				GCC_WARN_ABOUT_RETURN_TYPE = YES_ERROR;
				GCC_WARN_UNDECLARED_SELECTOR = YES;
				GCC_WARN_UNINITIALIZED_AUTOS = YES_AGGRESSIVE;
				GCC_WARN_UNUSED_FUNCTION = YES;
				GCC_WARN_UNUSED_VARIABLE = YES;
				IPHONEOS_DEPLOYMENT_TARGET = 10.0;
				MTL_ENABLE_DEBUG_INFO = INCLUDE_SOURCE;
				MTL_FAST_MATH = YES;
				ONLY_ACTIVE_ARCH = YES;
				SDKROOT = iphoneos;
			};
			name = Debug;
		};
		1F3A8C9E2554EBD1009F4F55 /* Release */ = {
			isa = XCBuildConfiguration;
			buildSettings = {
				ALWAYS_SEARCH_USER_PATHS = NO;
				CLANG_ANALYZER_NONNULL = YES;
				CLANG_ANALYZER_NUMBER_OBJECT_CONVERSION = YES_AGGRESSIVE;
				CLANG_CXX_LANGUAGE_STANDARD = "gnu++14";
				CLANG_CXX_LIBRARY = "libc++";
				CLANG_ENABLE_MODULES = YES;
				CLANG_ENABLE_OBJC_ARC = YES;
				CLANG_ENABLE_OBJC_WEAK = YES;
				CLANG_WARN_BLOCK_CAPTURE_AUTORELEASING = YES;
				CLANG_WARN_BOOL_CONVERSION = YES;
				CLANG_WARN_COMMA = YES;
				CLANG_WARN_CONSTANT_CONVERSION = YES;
				CLANG_WARN_DEPRECATED_OBJC_IMPLEMENTATIONS = YES;
				CLANG_WARN_DIRECT_OBJC_ISA_USAGE = YES_ERROR;
				CLANG_WARN_DOCUMENTATION_COMMENTS = YES;
				CLANG_WARN_EMPTY_BODY = YES;
				CLANG_WARN_ENUM_CONVERSION = YES;
				CLANG_WARN_INFINITE_RECURSION = YES;
				CLANG_WARN_INT_CONVERSION = YES;
				CLANG_WARN_NON_LITERAL_NULL_CONVERSION = YES;
				CLANG_WARN_OBJC_IMPLICIT_RETAIN_SELF = YES;
				CLANG_WARN_OBJC_LITERAL_CONVERSION = YES;
				CLANG_WARN_OBJC_ROOT_CLASS = YES_ERROR;
				CLANG_WARN_QUOTED_INCLUDE_IN_FRAMEWORK_HEADER = YES;
				CLANG_WARN_RANGE_LOOP_ANALYSIS = YES;
				CLANG_WARN_STRICT_PROTOTYPES = YES;
				CLANG_WARN_SUSPICIOUS_MOVE = YES;
				CLANG_WARN_UNGUARDED_AVAILABILITY = YES_AGGRESSIVE;
				CLANG_WARN_UNREACHABLE_CODE = YES;
				CLANG_WARN__DUPLICATE_METHOD_MATCH = YES;
				COPY_PHASE_STRIP = NO;
				DEBUG_INFORMATION_FORMAT = "dwarf-with-dsym";
				ENABLE_NS_ASSERTIONS = NO;
				ENABLE_STRICT_OBJC_MSGSEND = YES;
				GCC_C_LANGUAGE_STANDARD = gnu11;
				GCC_NO_COMMON_BLOCKS = YES;
				GCC_WARN_64_TO_32_BIT_CONVERSION = YES;
				GCC_WARN_ABOUT_RETURN_TYPE = YES_ERROR;
				GCC_WARN_UNDECLARED_SELECTOR = YES;
				GCC_WARN_UNINITIALIZED_AUTOS = YES_AGGRESSIVE;
				GCC_WARN_UNUSED_FUNCTION = YES;
				GCC_WARN_UNUSED_VARIABLE = YES;
				IPHONEOS_DEPLOYMENT_TARGET = 10.0;
				MTL_ENABLE_DEBUG_INFO = NO;
				MTL_FAST_MATH = YES;
				SDKROOT = iphoneos;
				VALIDATE_PRODUCT = YES;
			};
			name = Release;
		};
		1F3A8CA02554EBD1009F4F55 /* Debug */ = {
			isa = XCBuildConfiguration;
			baseConfigurationReference = EB70AEEDDB402685411A81E6 /* Pods-QMUIKitDemo.debug.xcconfig */;
			buildSettings = {
				ASSETCATALOG_COMPILER_APPICON_NAME = AppIcon;
				ASSETCATALOG_COMPILER_GLOBAL_ACCENT_COLOR_NAME = AccentColor;
				CODE_SIGN_STYLE = Automatic;
				INFOPLIST_FILE = QMUIKitDemo/Info.plist;
				LD_RUNPATH_SEARCH_PATHS = (
					"$(inherited)",
					"@executable_path/Frameworks",
				);
				PRODUCT_BUNDLE_IDENTIFIER = com.banyoubaozang.banyou.QMUIKitDemo;
				PRODUCT_NAME = "$(TARGET_NAME)";
				TARGETED_DEVICE_FAMILY = "1,2";
			};
			name = Debug;
		};
		1F3A8CA12554EBD1009F4F55 /* Release */ = {
			isa = XCBuildConfiguration;
			baseConfigurationReference = 382EFC02A816E68AAE7ADB4A /* Pods-QMUIKitDemo.release.xcconfig */;
			buildSettings = {
				ASSETCATALOG_COMPILER_APPICON_NAME = AppIcon;
				ASSETCATALOG_COMPILER_GLOBAL_ACCENT_COLOR_NAME = AccentColor;
				CODE_SIGN_STYLE = Automatic;
				INFOPLIST_FILE = QMUIKitDemo/Info.plist;
				LD_RUNPATH_SEARCH_PATHS = (
					"$(inherited)",
					"@executable_path/Frameworks",
				);
				PRODUCT_BUNDLE_IDENTIFIER = com.banyoubaozang.banyou.QMUIKitDemo;
				PRODUCT_NAME = "$(TARGET_NAME)";
				TARGETED_DEVICE_FAMILY = "1,2";
			};
			name = Release;
		};
		1F3A8CA32554EBD1009F4F55 /* Debug */ = {
			isa = XCBuildConfiguration;
			buildSettings = {
				BUNDLE_LOADER = "$(TEST_HOST)";
				CODE_SIGN_STYLE = Automatic;
				INFOPLIST_FILE = QMUIKitDemoTests/Info.plist;
				IPHONEOS_DEPLOYMENT_TARGET = 14.1;
				LD_RUNPATH_SEARCH_PATHS = (
					"$(inherited)",
					"@executable_path/Frameworks",
					"@loader_path/Frameworks",
				);
				PRODUCT_BUNDLE_IDENTIFIER = com.banyoubaozang.banyou.QMUIKitDemoTests;
				PRODUCT_NAME = "$(TARGET_NAME)";
				TARGETED_DEVICE_FAMILY = "1,2";
				TEST_HOST = "$(BUILT_PRODUCTS_DIR)/QMUIKitDemo.app/QMUIKitDemo";
			};
			name = Debug;
		};
		1F3A8CA42554EBD1009F4F55 /* Release */ = {
			isa = XCBuildConfiguration;
			buildSettings = {
				BUNDLE_LOADER = "$(TEST_HOST)";
				CODE_SIGN_STYLE = Automatic;
				INFOPLIST_FILE = QMUIKitDemoTests/Info.plist;
				IPHONEOS_DEPLOYMENT_TARGET = 14.1;
				LD_RUNPATH_SEARCH_PATHS = (
					"$(inherited)",
					"@executable_path/Frameworks",
					"@loader_path/Frameworks",
				);
				PRODUCT_BUNDLE_IDENTIFIER = com.banyoubaozang.banyou.QMUIKitDemoTests;
				PRODUCT_NAME = "$(TARGET_NAME)";
				TARGETED_DEVICE_FAMILY = "1,2";
				TEST_HOST = "$(BUILT_PRODUCTS_DIR)/QMUIKitDemo.app/QMUIKitDemo";
			};
			name = Release;
		};
		1F3A8CA62554EBD1009F4F55 /* Debug */ = {
			isa = XCBuildConfiguration;
			buildSettings = {
				CODE_SIGN_STYLE = Automatic;
				INFOPLIST_FILE = QMUIKitDemoUITests/Info.plist;
				LD_RUNPATH_SEARCH_PATHS = (
					"$(inherited)",
					"@executable_path/Frameworks",
					"@loader_path/Frameworks",
				);
				PRODUCT_BUNDLE_IDENTIFIER = com.banyoubaozang.banyou.QMUIKitDemoUITests;
				PRODUCT_NAME = "$(TARGET_NAME)";
				TARGETED_DEVICE_FAMILY = "1,2";
				TEST_TARGET_NAME = QMUIKitDemo;
			};
			name = Debug;
		};
		1F3A8CA72554EBD1009F4F55 /* Release */ = {
			isa = XCBuildConfiguration;
			buildSettings = {
				CODE_SIGN_STYLE = Automatic;
				INFOPLIST_FILE = QMUIKitDemoUITests/Info.plist;
				LD_RUNPATH_SEARCH_PATHS = (
					"$(inherited)",
					"@executable_path/Frameworks",
					"@loader_path/Frameworks",
				);
				PRODUCT_BUNDLE_IDENTIFIER = com.banyoubaozang.banyou.QMUIKitDemoUITests;
				PRODUCT_NAME = "$(TARGET_NAME)";
				TARGETED_DEVICE_FAMILY = "1,2";
				TEST_TARGET_NAME = QMUIKitDemo;
			};
			name = Release;
		};
/* End XCBuildConfiguration section */

/* Begin XCConfigurationList section */
		1F3A8C6B2554EBCC009F4F55 /* Build configuration list for PBXProject "QMUIKitDemo" */ = {
			isa = XCConfigurationList;
			buildConfigurations = (
				1F3A8C9D2554EBD1009F4F55 /* Debug */,
				1F3A8C9E2554EBD1009F4F55 /* Release */,
			);
			defaultConfigurationIsVisible = 0;
			defaultConfigurationName = Release;
		};
		1F3A8C9F2554EBD1009F4F55 /* Build configuration list for PBXNativeTarget "QMUIKitDemo" */ = {
			isa = XCConfigurationList;
			buildConfigurations = (
				1F3A8CA02554EBD1009F4F55 /* Debug */,
				1F3A8CA12554EBD1009F4F55 /* Release */,
			);
			defaultConfigurationIsVisible = 0;
			defaultConfigurationName = Release;
		};
		1F3A8CA22554EBD1009F4F55 /* Build configuration list for PBXNativeTarget "QMUIKitDemoTests" */ = {
			isa = XCConfigurationList;
			buildConfigurations = (
				1F3A8CA32554EBD1009F4F55 /* Debug */,
				1F3A8CA42554EBD1009F4F55 /* Release */,
			);
			defaultConfigurationIsVisible = 0;
			defaultConfigurationName = Release;
		};
		1F3A8CA52554EBD1009F4F55 /* Build configuration list for PBXNativeTarget "QMUIKitDemoUITests" */ = {
			isa = XCConfigurationList;
			buildConfigurations = (
				1F3A8CA62554EBD1009F4F55 /* Debug */,
				1F3A8CA72554EBD1009F4F55 /* Release */,
			);
			defaultConfigurationIsVisible = 0;
			defaultConfigurationName = Release;
		};
/* End XCConfigurationList section */
	};
	rootObject = 1F3A8C682554EBCC009F4F55 /* Project object */;
}
